
Microsoft Visual Studio Solution File, Format Version 12.00
# Visual Studio 14
VisualStudioVersion = 14.0.25420.1
MinimumVisualStudioVersion = 10.0.40219.1
Project("{FAE04EC0-301F-11D3-BF4B-00C04F79EFBC}") = "SportsStore.Domain", "SportsStore.Domain\SportsStore.Domain.csproj", "{BEF9764A-9672-44D0-9D77-2C93870CE58E}"
EndProject
Project("{FAE04EC0-301F-11D3-BF4B-00C04F79EFBC}") = "SportsStore.WebUI", "SportsStore.WebUI\SportsStore.WebUI.csproj", "{26D63911-B0CC-4E05-96C7-F299FB8ED928}"
EndProject
Project("{FAE04EC0-301F-11D3-BF4B-00C04F79EFBC}") = "SportsStore.UnitTest", "SportsStore.UnitTest\SportsStore.UnitTest.csproj", "{9038BC6E-ACA3-4AE7-9C32-9A15FABC4ED2}"
EndProject
Global
	GlobalSection(SolutionConfigurationPlatforms) = preSolution
		Debug|Any CPU = Debug|Any CPU
		Release|Any CPU = Release|Any CPU
	EndGlobalSection
	GlobalSection(ProjectConfigurationPlatforms) = postSolution
		{BEF9764A-9672-44D0-9D77-2C93870CE58E}.Debug|Any CPU.ActiveCfg = Debug|Any CPU
		{BEF9764A-9672-44D0-9D77-2C93870CE58E}.Debug|Any CPU.Build.0 = Debug|Any CPU
		{BEF9764A-9672-44D0-9D77-2C93870CE58E}.Release|Any CPU.ActiveCfg = Release|Any CPU
		{BEF9764A-9672-44D0-9D77-2C93870CE58E}.Release|Any CPU.Build.0 = Release|Any CPU
		{26D63911-B0CC-4E05-96C7-F299FB8ED928}.Debug|Any CPU.ActiveCfg = Debug|Any CPU
		{26D63911-B0CC-4E05-96C7-F299FB8ED928}.Debug|Any CPU.Build.0 = Debug|Any CPU
		{26D63911-B0CC-4E05-96C7-F299FB8ED928}.Release|Any CPU.ActiveCfg = Release|Any CPU
		{26D63911-B0CC-4E05-96C7-F299FB8ED928}.Release|Any CPU.Build.0 = Release|Any CPU
		{9038BC6E-ACA3-4AE7-9C32-9A15FABC4ED2}.Debug|Any CPU.ActiveCfg = Debug|Any CPU
		{9038BC6E-ACA3-4AE7-9C32-9A15FABC4ED2}.Debug|Any CPU.Build.0 = Debug|Any CPU
		{9038BC6E-ACA3-4AE7-9C32-9A15FABC4ED2}.Release|Any CPU.ActiveCfg = Release|Any CPU
		{9038BC6E-ACA3-4AE7-9C32-9A15FABC4ED2}.Release|Any CPU.Build.0 = Release|Any CPU
	EndGlobalSection
	GlobalSection(SolutionProperties) = preSolution
		HideSolutionNode = FALSE
	EndGlobalSection
EndGlobal
